
Microsoft Visual Studio Solution File, Format Version 12.00
# Visual Studio Version 16
VisualStudioVersion = 16.0.31729.503
MinimumVisualStudioVersion = 10.0.40219.1
Project("{FAE04EC0-301F-11D3-BF4B-00C04F79EFBC}") = "GSC-36", "GSC-36\GSC-36.csproj", "{EE564F5B-3122-484B-9ED1-403093BB4C3E}"
EndProject
Global
	GlobalSection(SolutionConfigurationPlatforms) = preSolution
		Debug|Any CPU = Debug|Any CPU
		Release|Any CPU = Release|Any CPU
	EndGlobalSection
	GlobalSection(ProjectConfigurationPlatforms) = postSolution
		{EE564F5B-3122-484B-9ED1-403093BB4C3E}.Debug|Any CPU.ActiveCfg = Debug|Any CPU
		{EE564F5B-3122-484B-9ED1-403093BB4C3E}.Debug|Any CPU.Build.0 = Debug|Any CPU
		{EE564F5B-3122-484B-9ED1-403093BB4C3E}.Release|Any CPU.ActiveCfg = Release|Any CPU
		{EE564F5B-3122-484B-9ED1-403093BB4C3E}.Release|Any CPU.Build.0 = Release|Any CPU
	EndGlobalSection
	GlobalSection(SolutionProperties) = preSolution
		HideSolutionNode = FALSE
	EndGlobalSection
	GlobalSection(ExtensibilityGlobals) = postSolution
		SolutionGuid = {DB46C151-203B-4D62-AA9F-1CC74273737A}
	EndGlobalSection
EndGlobal
